Microsoft Visual Studio Solution File, Format Version 12.00
Project("{2150E333-8FDC-42A3-9474-1A3956D46DE8}") = "src", "src", "{3A8B6812-B42A-4F1B-962F-E4C2696A6F46}"
EndProject
Project("{2150E333-8FDC-42A3-9474-1A3956D46DE8}") = "tests", "tests", "{ABD7D257-AE9C-4DCB-9224-80938748474C}"
EndProject
Project("{FAE04EC0-301F-11D3-BF4B-00C04F79EFBC}") = "Lab3", "src\Lab3\Lab3.csproj", "{9CC87A20-A988-4109-B1B4-AF1E8C634110}"
EndProject
Project("{FAE04EC0-301F-11D3-BF4B-00C04F79EFBC}") = "Lab3.Tests", "tests\Lab3.Tests\Lab3.Tests.csproj", "{3A3ABC1F-44EE-41D7-B0F1-F0D962E5746B}"
EndProject
Project("{2150E333-8FDC-42A3-9474-1A3956D46DE8}") = "common", "common", "{3DB12F6C-143E-4086-BCB2-2EC3461BC353}"
    ProjectSection(SolutionItems) = preProject
        Directory.Packages.props = Directory.Packages.props
        Directory.Build.props = Directory.Build.props
        .gitignore = .gitignore
        .editorconfig = .editorconfig
    EndProjectSection
EndProject
Global
    GlobalSection(SolutionConfigurationPlatforms) = preSolution
        Debug|Any CPU = Debug|Any CPU
        Release|Any CPU = Release|Any CPU
    EndGlobalSection
    GlobalSection(NestedProjects) = preSolution
        {9CC87A20-A988-4109-B1B4-AF1E8C634110} = {3A8B6812-B42A-4F1B-962F-E4C2696A6F46}
        {3A3ABC1F-44EE-41D7-B0F1-F0D962E5746B} = {ABD7D257-AE9C-4DCB-9224-80938748474C}
    EndGlobalSection
    GlobalSection(ProjectConfigurationPlatforms) = postSolution
        {9CC87A20-A988-4109-B1B4-AF1E8C634110}.Debug|Any CPU.ActiveCfg = Debug|Any CPU
        {9CC87A20-A988-4109-B1B4-AF1E8C634110}.Debug|Any CPU.Build.0 = Debug|Any CPU
        {9CC87A20-A988-4109-B1B4-AF1E8C634110}.Release|Any CPU.ActiveCfg = Release|Any CPU
        {9CC87A20-A988-4109-B1B4-AF1E8C634110}.Release|Any CPU.Build.0 = Release|Any CPU
        {3A3ABC1F-44EE-41D7-B0F1-F0D962E5746B}.Debug|Any CPU.ActiveCfg = Debug|Any CPU
        {3A3ABC1F-44EE-41D7-B0F1-F0D962E5746B}.Debug|Any CPU.Build.0 = Debug|Any CPU
        {3A3ABC1F-44EE-41D7-B0F1-F0D962E5746B}.Release|Any CPU.ActiveCfg = Release|Any CPU
        {3A3ABC1F-44EE-41D7-B0F1-F0D962E5746B}.Release|Any CPU.Build.0 = Release|Any CPU
    EndGlobalSection
EndGlobal
